#MicroXplorer Configuration settings - do not modify
Mcu.Family=STM32F4
ProjectManager.MainLocation=Core/Src
RCC.CortexFreq_Value=96000000
ProjectManager.KeepUserCode=true
Mcu.UserName=STM32F411CEUx
TIM1.RepetitionCounter=9
TIM1.IPParameters=Channel-PWM Generation1 CH1,Period,RepetitionCounter,TIM_MasterOutputTrigger,OCFastMode_PWM-PWM Generation1 CH1,AutoReloadPreload,Pulse-PWM Generation1 CH1,Prescaler,Channel-PWM Generation2 CH2
RCC.PLLCLKFreq_Value=96000000
RCC.PLLQCLKFreq_Value=48000000
ProjectManager.functionlistsort=1-MX_GPIO_Init-GPIO-false-HAL-true,2-MX_DMA_Init-DMA-false-HAL-true,3-SystemClock_Config-RCC-false-HAL-false,4-MX_TIM1_Init-TIM1-false-HAL-true,5-MX_CRC_Init-CRC-false-HAL-true,6-MX_USB_HOST_Init-USB_HOST-false-HAL-false,7-MX_FATFS_Init-FATFS-false-HAL-false
PA9.GPIOParameters=GPIO_Speed
USB_HOST0.BSP.condition=
PA11.Mode=Host_Only
RCC.RTCFreq_Value=32000
Dma.TIM1_UP.0.Mode=DMA_CIRCULAR
TIM1.Pulse-PWM\ Generation1\ CH1=0
TIM1.OCFastMode_PWM-PWM\ Generation1\ CH1=TIM_OCFAST_DISABLE
SH.S_TIM1_CH1.ConfNb=1
PinOutPanel.RotationAngle=0
Dma.TIM1_UP.0.RequestParameters=Instance,Direction,PeriphInc,MemInc,PeriphDataAlignment,MemDataAlignment,Mode,Priority,FIFOMode
RCC.SYSCLKSource=RCC_SYSCLKSOURCE_PLLCLK
ProjectManager.StackSize=0x400
Mcu.IP4=RCC
RCC.FCLKCortexFreq_Value=96000000
Mcu.IP5=SYS
Mcu.IP2=FATFS
NVIC.SVCall_IRQn=true\:0\:0\:false\:false\:true\:false\:false
Mcu.IP3=NVIC
Mcu.IP0=CRC
Dma.TIM1_UP.0.MemInc=DMA_MINC_ENABLE
Mcu.IP1=DMA
PA12.Signal=USB_OTG_FS_DP
TIM1.Prescaler=0
Mcu.UserConstants=
PH0\ -\ OSC_IN.Signal=RCC_OSC_IN
Mcu.ThirdPartyNb=0
RCC.HCLKFreq_Value=96000000
Mcu.IPNb=9
RCC.I2SClocksFreq_Value=150000000
ProjectManager.PreviousToolchain=
RCC.APB2TimFreq_Value=96000000
RCC.VcooutputI2S=150000000
USB_HOST0.BSP.component=
PA8.GPIOParameters=GPIO_Speed,GPIO_PuPd
Mcu.Pin6=PA11
Mcu.Pin7=PA12
Mcu.Pin8=PA13
Mcu.Pin9=PA14
USB_HOST0.BSP.ip=GPIO
RCC.AHBFreq_Value=96000000
Mcu.Pin0=PC13-ANTI_TAMP
Mcu.Pin1=PH0 - OSC_IN
GPIO.groupedBy=Group By Peripherals
Mcu.Pin2=PH1 - OSC_OUT
Mcu.Pin3=PA0-WKUP
Mcu.Pin4=PA8
PA0-WKUP.GPIOParameters=GPIO_Label
Mcu.Pin5=PA9
ProjectManager.ProjectBuild=false
RCC.HSE_VALUE=25000000
NVIC.UsageFault_IRQn=true\:0\:0\:false\:false\:true\:false\:false
NVIC.DebugMonitor_IRQn=true\:0\:0\:false\:false\:true\:false\:false
USB_OTG_FS.phy_itface=HCD_PHY_EMBEDDED
PB3.Mode=Trace_Asynchronous_SW
PC13-ANTI_TAMP.Signal=GPIO_Output
NVIC.SysTick_IRQn=true\:0\:0\:false\:false\:true\:false\:true
ProjectManager.FirmwarePackage=STM32Cube FW_F4 V1.26.0
USB_HOST.USBH_MAX_DATA_BUFFER=512
MxDb.Version=DB.6.0.20
ProjectManager.BackupPrevious=false
RCC.VCOInputFreq_Value=1000000
TIM1.Channel-PWM\ Generation1\ CH1=TIM_CHANNEL_1
PA14.Mode=Trace_Asynchronous_SW
File.Version=6
FATFS._USE_MKFS=0
PA8.Signal=S_TIM1_CH1
NVIC.PendSV_IRQn=true\:0\:0\:false\:false\:true\:false\:false
USB_HOST0.BSP.i2creg=
Dma.RequestsNb=1
ProjectManager.HalAssertFull=false
VP_TIM1_VS_ClockSourceINT.Mode=Internal
ProjectManager.ProjectName=411
USB_HOST0.BSP.i2caddr=0
Mcu.Package=UFQFPN48
Dma.TIM1_UP.0.Direction=DMA_MEMORY_TO_PERIPH
NVIC.OTG_FS_IRQn=true\:1\:0\:true\:false\:true\:false\:true
ProjectManager.ToolChainLocation=
RCC.LSI_VALUE=32000
VP_SYS_VS_Systick.Signal=SYS_VS_Systick
USB_OTG_FS.VirtualMode=Host_Only
VP_FATFS_VS_USB.Signal=FATFS_VS_USB
USB_HOST0.BSP.name=Drive_VBUS_FS
FATFS._FS_LOCK=0
RCC.APB1TimFreq_Value=96000000
NVIC.BusFault_IRQn=true\:0\:0\:false\:false\:true\:false\:false
FATFS._FS_RPATH=2
TIM1.Period=249
USB_OTG_FS.IPParameters=VirtualMode,phy_itface
Dma.Request0=TIM1_UP
PA8.GPIO_Speed=GPIO_SPEED_FREQ_VERY_HIGH
ProjectManager.CustomerFirmwarePackage=
PC13-ANTI_TAMP.GPIOParameters=GPIO_Label
USB_HOST.IPParameters=VirtualModeFS,USBH_HandleTypeDef,USBH_MAX_DATA_BUFFER,USBH_MAX_SIZE_CONFIGURATION
ProjectManager.ProjectFileName=411.ioc
Mcu.PinsNb=16
ProjectManager.NoMain=false
PC13-ANTI_TAMP.GPIO_Label=led
VP_USB_HOST_VS_USB_HOST_MSC_FS.Mode=MSC_FS
PH1\ -\ OSC_OUT.Mode=HSE-External-Oscillator
USB_HOST0.BSP.solution=PC13-ANTI_TAMP
USB_HOST.BSP.number=1
ProjectManager.DefaultFWLocation=true
ProjectManager.DeletePrevious=true
RCC.APB1CLKDivider=RCC_HCLK_DIV2
RCC.FamilyName=M
PA0-WKUP.GPIO_Label=btn
PA0-WKUP.Signal=GPIO_Input
PA0-WKUP.Locked=true
USB_HOST0.BSP.semaphore=
USB_HOST0.BSP.STBoard=false
FATFS.IPParameters=_USE_MKFS,_FS_RPATH,_FS_LOCK,_FS_READONLY,_USE_FIND,_MAX_SS
PA13.Signal=SYS_JTMS-SWDIO
TIM1.AutoReloadPreload=TIM_AUTORELOAD_PRELOAD_DISABLE
Dma.TIM1_UP.0.PeriphDataAlignment=DMA_PDATAALIGN_HALFWORD
PH0\ -\ OSC_IN.Mode=HSE-External-Oscillator
SH.S_TIM1_CH1.0=TIM1_CH1,PWM Generation1 CH1
ProjectManager.TargetToolchain=STM32CubeIDE
VP_CRC_VS_CRC.Signal=CRC_VS_CRC
PA9.Signal=S_TIM1_CH2
VP_TIM1_VS_ClockSourceINT.Signal=TIM1_VS_ClockSourceINT
TIM1.Channel-PWM\ Generation2\ CH2=TIM_CHANNEL_2
Dma.TIM1_UP.0.Priority=DMA_PRIORITY_HIGH
RCC.VCOInputMFreq_Value=1562500
ProjectManager.RegisterCallBack=
RCC.LSE_VALUE=32768
SH.S_TIM1_CH2.ConfNb=1
RCC.VCOI2SOutputFreq_Value=300000000
PH1\ -\ OSC_OUT.Signal=RCC_OSC_OUT
board=custom
RCC.VCOOutputFreq_Value=192000000
PC13-ANTI_TAMP.Locked=true
ProjectManager.LastFirmware=true
USB_HOST.VirtualModeFS=Msc
Dma.TIM1_UP.0.Instance=DMA2_Stream5
TIM1.TIM_MasterOutputTrigger=TIM_TRGO_UPDATE
RCC.APB2Freq_Value=96000000
USB_HOST0.BSP.api=Unknown
MxCube.Version=6.2.0
SH.S_TIM1_CH2.0=TIM1_CH2,PWM Generation2 CH2
NVIC.DMA2_Stream5_IRQn=true\:2\:0\:true\:false\:true\:false\:true
VP_SYS_VS_Systick.Mode=SysTick
RCC.EthernetFreq_Value=96000000
NVIC.NonMaskableInt_IRQn=true\:0\:0\:false\:false\:true\:false\:false
FATFS._USE_FIND=1
PA13.Mode=Trace_Asynchronous_SW
ProjectManager.FreePins=false
RCC.IPParameters=48MHZClocksFreq_Value,AHBFreq_Value,APB1CLKDivider,APB1Freq_Value,APB1TimFreq_Value,APB2Freq_Value,APB2TimFreq_Value,CortexFreq_Value,EthernetFreq_Value,FCLKCortexFreq_Value,FamilyName,HCLKFreq_Value,HSE_VALUE,HSI_VALUE,I2SClocksFreq_Value,LSE_VALUE,LSI_VALUE,PLLCLKFreq_Value,PLLM,PLLQCLKFreq_Value,RTCFreq_Value,RTCHSEDivFreq_Value,SYSCLKFreq_VALUE,SYSCLKSource,VCOI2SOutputFreq_Value,VCOInputFreq_Value,VCOInputMFreq_Value,VCOOutputFreq_Value,VcooutputI2S
ProjectManager.AskForMigrate=true
Dma.TIM1_UP.0.PeriphInc=DMA_PINC_DISABLE
Mcu.Name=STM32F411C(C-E)Ux
RCC.RTCHSEDivFreq_Value=12500000
ProjectManager.UnderRoot=true
FATFS._MAX_SS=512
Mcu.IP8=USB_OTG_FS
Mcu.IP6=TIM1
Mcu.IP7=USB_HOST
ProjectManager.CoupleFile=false
RCC.48MHZClocksFreq_Value=48000000
PB3.Signal=SYS_JTDO-SWO
RCC.SYSCLKFreq_VALUE=96000000
PA12.Mode=Host_Only
NVIC.ForceEnableDMAVector=true
KeepUserPlacement=false
NVIC.MemoryManagement_IRQn=true\:0\:0\:false\:false\:true\:false\:false
ProjectManager.CompilerOptimize=6
PA11.Signal=USB_OTG_FS_DM
PA14.Signal=SYS_JTCK-SWCLK
USB_HOST.USBH_MAX_SIZE_CONFIGURATION=512
ProjectManager.HeapSize=0x400
Mcu.Pin15=VP_USB_HOST_VS_USB_HOST_MSC_FS
NVIC.HardFault_IRQn=true\:0\:0\:false\:false\:true\:false\:false
Mcu.Pin13=VP_SYS_VS_Systick
Mcu.Pin14=VP_TIM1_VS_ClockSourceINT
VP_FATFS_VS_USB.Mode=USB
Dma.TIM1_UP.0.MemDataAlignment=DMA_MDATAALIGN_HALFWORD
ProjectManager.ComputerToolchain=false
RCC.HSI_VALUE=16000000
PA8.GPIO_PuPd=GPIO_NOPULL
USB_HOST.USBH_HandleTypeDef=hUsbHostFS
NVIC.PriorityGroup=NVIC_PRIORITYGROUP_4
VP_USB_HOST_VS_USB_HOST_MSC_FS.Signal=USB_HOST_VS_USB_HOST_MSC_FS
Mcu.Pin11=VP_CRC_VS_CRC
Mcu.Pin12=VP_FATFS_VS_USB
RCC.PLLM=25
Mcu.Pin10=PB3
PA9.GPIO_Speed=GPIO_SPEED_FREQ_VERY_HIGH
FATFS._FS_READONLY=0
RCC.APB1Freq_Value=48000000
VP_CRC_VS_CRC.Mode=CRC_Activate
USB_HOST0.BSP.mode=Output
ProjectManager.DeviceId=STM32F411CEUx
ProjectManager.LibraryCopy=1
Dma.TIM1_UP.0.FIFOMode=DMA_FIFOMODE_DISABLE
USB_HOST0.BSP.instance=PC13-ANTI_TAMP
isbadioc=false
